// !$*UTF8*$!
{
	archiveVersion = 1;
	classes = {
	};
	objectVersion = 50;
	objects = {

/* Begin PBXBuildFile section */
		38B659700CA5DB14338D62EA /* libPods-Share-ShareUITests.a in Frameworks */ = {isa = PBXBuildFile; fileRef = B6DD15FFB78FF70234BD782F /* libPods-Share-ShareUITests.a */; };
		5333EBE948F8F47FCDAB8B0A /* libPods-ShareTests.a in Frameworks */ = {isa = PBXBuildFile; fileRef = 57A318EF6C18285AB6706BE3 /* libPods-ShareTests.a */; };
		CE271852274AB61200CD2358 /* AppDelegate.swift in Sources */ = {isa = PBXBuildFile; fileRef = CE271851274AB61200CD2358 /* AppDelegate.swift */; };
		CE271854274AB61200CD2358 /* SceneDelegate.swift in Sources */ = {isa = PBXBuildFile; fileRef = CE271853274AB61200CD2358 /* SceneDelegate.swift */; };
		CE271856274AB61200CD2358 /* ViewController.swift in Sources */ = {isa = PBXBuildFile; fileRef = CE271855274AB61200CD2358 /* ViewController.swift */; };
		CE271859274AB61200CD2358 /* Main.storyboard in Resources */ = {isa = PBXBuildFile; fileRef = CE271857274AB61200CD2358 /* Main.storyboard */; };
		CE27185B274AB61500CD2358 /* Assets.xcassets in Resources */ = {isa = PBXBuildFile; fileRef = CE27185A274AB61500CD2358 /* Assets.xcassets */; };
		CE27185E274AB61500CD2358 /* LaunchScreen.storyboard in Resources */ = {isa = PBXBuildFile; fileRef = CE27185C274AB61500CD2358 /* LaunchScreen.storyboard */; };
		CE271869274AB61500CD2358 /* ShareTests.swift in Sources */ = {isa = PBXBuildFile; fileRef = CE271868274AB61500CD2358 /* ShareTests.swift */; };
		CE271874274AB61500CD2358 /* ShareUITests.swift in Sources */ = {isa = PBXBuildFile; fileRef = CE271873274AB61500CD2358 /* ShareUITests.swift */; };
		CE271885274B943100CD2358 /* SecondViewController.swift in Sources */ = {isa = PBXBuildFile; fileRef = CE271884274B943100CD2358 /* SecondViewController.swift */; };
		CE271887274D59A100CD2358 /* GoogleService-Info.plist in Resources */ = {isa = PBXBuildFile; fileRef = CE271886274D59A100CD2358 /* GoogleService-Info.plist */; };
		F15BF8D5034C14A6CD6CDFF3 /* libPods-Share.a in Frameworks */ = {isa = PBXBuildFile; fileRef = 45630FD2684C090C9607D854 /* libPods-Share.a */; };
/* End PBXBuildFile section */

/* Begin PBXContainerItemProxy section */
		CE271865274AB61500CD2358 /* PBXContainerItemProxy */ = {
			isa = PBXContainerItemProxy;
			containerPortal = CE271846274AB61200CD2358 /* Project object */;
			proxyType = 1;
			remoteGlobalIDString = CE27184D274AB61200CD2358;
			remoteInfo = Article;
		};
		CE271870274AB61500CD2358 /* PBXContainerItemProxy */ = {
			isa = PBXContainerItemProxy;
			containerPortal = CE271846274AB61200CD2358 /* Project object */;
			proxyType = 1;
			remoteGlobalIDString = CE27184D274AB61200CD2358;
			remoteInfo = Article;
		};
/* End PBXContainerItemProxy section */

/* Begin PBXFileReference section */
		25472C01B141BDE0DA7DCC85 /* Pods-Share.debug.xcconfig */ = {isa = PBXFileReference; includeInIndex = 1; lastKnownFileType = text.xcconfig; name = "Pods-Share.debug.xcconfig"; path = "Target Support Files/Pods-Share/Pods-Share.debug.xcconfig"; sourceTree = "<group>"; };
		45630FD2684C090C9607D854 /* libPods-Share.a */ = {isa = PBXFileReference; explicitFileType = archive.ar; includeInIndex = 0; path = "libPods-Share.a"; sourceTree = BUILT_PRODUCTS_DIR; };
		57A318EF6C18285AB6706BE3 /* libPods-ShareTests.a */ = {isa = PBXFileReference; explicitFileType = archive.ar; includeInIndex = 0; path = "libPods-ShareTests.a"; sourceTree = BUILT_PRODUCTS_DIR; };
		8E2C803E5C85E8241D965247 /* Pods-ShareTests.debug.xcconfig */ = {isa = PBXFileReference; includeInIndex = 1; lastKnownFileType = text.xcconfig; name = "Pods-ShareTests.debug.xcconfig"; path = "Target Support Files/Pods-ShareTests/Pods-ShareTests.debug.xcconfig"; sourceTree = "<group>"; };
		9A6E9D38C1BF99A9684379BD /* Pods-Share-ShareUITests.debug.xcconfig */ = {isa = PBXFileReference; includeInIndex = 1; lastKnownFileType = text.xcconfig; name = "Pods-Share-ShareUITests.debug.xcconfig"; path = "Target Support Files/Pods-Share-ShareUITests/Pods-Share-ShareUITests.debug.xcconfig"; sourceTree = "<group>"; };
		AA494F467FFA6CBC6437235A /* Pods-ShareTests.release.xcconfig */ = {isa = PBXFileReference; includeInIndex = 1; lastKnownFileType = text.xcconfig; name = "Pods-ShareTests.release.xcconfig"; path = "Target Support Files/Pods-ShareTests/Pods-ShareTests.release.xcconfig"; sourceTree = "<group>"; };
		B6DD15FFB78FF70234BD782F /* libPods-Share-ShareUITests.a */ = {isa = PBXFileReference; explicitFileType = archive.ar; includeInIndex = 0; path = "libPods-Share-ShareUITests.a"; sourceTree = BUILT_PRODUCTS_DIR; };
		CE27184E274AB61200CD2358 /* Share.app */ = {isa = PBXFileReference; explicitFileType = wrapper.application; includeInIndex = 0; path = Share.app; sourceTree = BUILT_PRODUCTS_DIR; };
		CE271851274AB61200CD2358 /* AppDelegate.swift */ = {isa = PBXFileReference; lastKnownFileType = sourcecode.swift; path = AppDelegate.swift; sourceTree = "<group>"; };
		CE271853274AB61200CD2358 /* SceneDelegate.swift */ = {isa = PBXFileReference; lastKnownFileType = sourcecode.swift; path = SceneDelegate.swift; sourceTree = "<group>"; };
		CE271855274AB61200CD2358 /* ViewController.swift */ = {isa = PBXFileReference; lastKnownFileType = sourcecode.swift; path = ViewController.swift; sourceTree = "<group>"; };
		CE271858274AB61200CD2358 /* Base */ = {isa = PBXFileReference; lastKnownFileType = file.storyboard; name = Base; path = Base.lproj/Main.storyboard; sourceTree = "<group>"; };
		CE27185A274AB61500CD2358 /* Assets.xcassets */ = {isa = PBXFileReference; lastKnownFileType = folder.assetcatalog; path = Assets.xcassets; sourceTree = "<group>"; };
		CE27185D274AB61500CD2358 /* Base */ = {isa = PBXFileReference; lastKnownFileType = file.storyboard; name = Base; path = Base.lproj/LaunchScreen.storyboard; sourceTree = "<group>"; };
		CE27185F274AB61500CD2358 /* Info.plist */ = {isa = PBXFileReference; lastKnownFileType = text.plist.xml; path = Info.plist; sourceTree = "<group>"; };
		CE271864274AB61500CD2358 /* ShareTests.xctest */ = {isa = PBXFileReference; explicitFileType = wrapper.cfbundle; includeInIndex = 0; path = ShareTests.xctest; sourceTree = BUILT_PRODUCTS_DIR; };
		CE271868274AB61500CD2358 /* ShareTests.swift */ = {isa = PBXFileReference; lastKnownFileType = sourcecode.swift; path = ShareTests.swift; sourceTree = "<group>"; };
		CE27186A274AB61500CD2358 /* Info.plist */ = {isa = PBXFileReference; lastKnownFileType = text.plist.xml; path = Info.plist; sourceTree = "<group>"; };
		CE27186F274AB61500CD2358 /* ShareUITests.xctest */ = {isa = PBXFileReference; explicitFileType = wrapper.cfbundle; includeInIndex = 0; path = ShareUITests.xctest; sourceTree = BUILT_PRODUCTS_DIR; };
		CE271873274AB61500CD2358 /* ShareUITests.swift */ = {isa = PBXFileReference; lastKnownFileType = sourcecode.swift; path = ShareUITests.swift; sourceTree = "<group>"; };
		CE271875274AB61500CD2358 /* Info.plist */ = {isa = PBXFileReference; lastKnownFileType = text.plist.xml; path = Info.plist; sourceTree = "<group>"; };
		CE271881274B572900CD2358 /* ShareDebug.entitlements */ = {isa = PBXFileReference; lastKnownFileType = text.plist.entitlements; path = ShareDebug.entitlements; sourceTree = "<group>"; };
		CE271884274B943100CD2358 /* SecondViewController.swift */ = {isa = PBXFileReference; lastKnownFileType = sourcecode.swift; path = SecondViewController.swift; sourceTree = "<group>"; };
		CE271886274D59A100CD2358 /* GoogleService-Info.plist */ = {isa = PBXFileReference; fileEncoding = 4; lastKnownFileType = text.plist.xml; path = "GoogleService-Info.plist"; sourceTree = "<group>"; };
		F215CF18732710759D65A407 /* Pods-Share-ShareUITests.release.xcconfig */ = {isa = PBXFileReference; includeInIndex = 1; lastKnownFileType = text.xcconfig; name = "Pods-Share-ShareUITests.release.xcconfig"; path = "Target Support Files/Pods-Share-ShareUITests/Pods-Share-ShareUITests.release.xcconfig"; sourceTree = "<group>"; };
		FB8DB24A3581C8ED8B052F5B /* Pods-Share.release.xcconfig */ = {isa = PBXFileReference; includeInIndex = 1; lastKnownFileType = text.xcconfig; name = "Pods-Share.release.xcconfig"; path = "Target Support Files/Pods-Share/Pods-Share.release.xcconfig"; sourceTree = "<group>"; };
/* End PBXFileReference section */

/* Begin PBXFrameworksBuildPhase section */
		CE27184B274AB61200CD2358 /* Frameworks */ = {
			isa = PBXFrameworksBuildPhase;
			buildActionMask = 2147483647;
			files = (
				F15BF8D5034C14A6CD6CDFF3 /* libPods-Share.a in Frameworks */,
			);
			runOnlyForDeploymentPostprocessing = 0;
		};
		CE271861274AB61500CD2358 /* Frameworks */ = {
			isa = PBXFrameworksBuildPhase;
			buildActionMask = 2147483647;
			files = (
				5333EBE948F8F47FCDAB8B0A /* libPods-ShareTests.a in Frameworks */,
			);
			runOnlyForDeploymentPostprocessing = 0;
		};
		CE27186C274AB61500CD2358 /* Frameworks */ = {
			isa = PBXFrameworksBuildPhase;
			buildActionMask = 2147483647;
			files = (
				38B659700CA5DB14338D62EA /* libPods-Share-ShareUITests.a in Frameworks */,
			);
			runOnlyForDeploymentPostprocessing = 0;
		};
/* End PBXFrameworksBuildPhase section */

/* Begin PBXGroup section */
		75A93B3E357E3D00B8432BC7 /* Frameworks */ = {
			isa = PBXGroup;
			children = (
				45630FD2684C090C9607D854 /* libPods-Share.a */,
				B6DD15FFB78FF70234BD782F /* libPods-Share-ShareUITests.a */,
				57A318EF6C18285AB6706BE3 /* libPods-ShareTests.a */,
			);
			name = Frameworks;
			sourceTree = "<group>";
		};
		CE271845274AB61200CD2358 = {
			isa = PBXGroup;
			children = (
				CE271850274AB61200CD2358 /* Share */,
				CE271867274AB61500CD2358 /* ShareTests */,
				CE271872274AB61500CD2358 /* ShareUITests */,
				CE27184F274AB61200CD2358 /* Products */,
				FA264433A5D3BF36FB4A98B5 /* Pods */,
				75A93B3E357E3D00B8432BC7 /* Frameworks */,
			);
			sourceTree = "<group>";
		};
		CE27184F274AB61200CD2358 /* Products */ = {
			isa = PBXGroup;
			children = (
				CE27184E274AB61200CD2358 /* Share.app */,
				CE271864274AB61500CD2358 /* ShareTests.xctest */,
				CE27186F274AB61500CD2358 /* ShareUITests.xctest */,
			);
			name = Products;
			sourceTree = "<group>";
		};
		CE271850274AB61200CD2358 /* Share */ = {
			isa = PBXGroup;
			children = (
				CE271881274B572900CD2358 /* ShareDebug.entitlements */,
				CE271851274AB61200CD2358 /* AppDelegate.swift */,
				CE271853274AB61200CD2358 /* SceneDelegate.swift */,
				CE271855274AB61200CD2358 /* ViewController.swift */,
				CE271884274B943100CD2358 /* SecondViewController.swift */,
				CE271857274AB61200CD2358 /* Main.storyboard */,
				CE27185A274AB61500CD2358 /* Assets.xcassets */,
				CE27185C274AB61500CD2358 /* LaunchScreen.storyboard */,
				CE27185F274AB61500CD2358 /* Info.plist */,
				CE271886274D59A100CD2358 /* GoogleService-Info.plist */,
			);
			path = Share;
			sourceTree = "<group>";
		};
		CE271867274AB61500CD2358 /* ShareTests */ = {
			isa = PBXGroup;
			children = (
				CE271868274AB61500CD2358 /* ShareTests.swift */,
				CE27186A274AB61500CD2358 /* Info.plist */,
			);
			path = ShareTests;
			sourceTree = "<group>";
		};
		CE271872274AB61500CD2358 /* ShareUITests */ = {
			isa = PBXGroup;
			children = (
				CE271873274AB61500CD2358 /* ShareUITests.swift */,
				CE271875274AB61500CD2358 /* Info.plist */,
			);
			path = ShareUITests;
			sourceTree = "<group>";
		};
		FA264433A5D3BF36FB4A98B5 /* Pods */ = {
			isa = PBXGroup;
			children = (
				25472C01B141BDE0DA7DCC85 /* Pods-Share.debug.xcconfig */,
				FB8DB24A3581C8ED8B052F5B /* Pods-Share.release.xcconfig */,
				9A6E9D38C1BF99A9684379BD /* Pods-Share-ShareUITests.debug.xcconfig */,
				F215CF18732710759D65A407 /* Pods-Share-ShareUITests.release.xcconfig */,
				8E2C803E5C85E8241D965247 /* Pods-ShareTests.debug.xcconfig */,
				AA494F467FFA6CBC6437235A /* Pods-ShareTests.release.xcconfig */,
			);
			path = Pods;
			sourceTree = "<group>";
		};
/* End PBXGroup section */

/* Begin PBXNativeTarget section */
		CE27184D274AB61200CD2358 /* Share */ = {
			isa = PBXNativeTarget;
			buildConfigurationList = CE271878274AB61500CD2358 /* Build configuration list for PBXNativeTarget "Share" */;
			buildPhases = (
				29FB7FC568DB3D78DC8BD676 /* [CP] Check Pods Manifest.lock */,
				CE27184A274AB61200CD2358 /* Sources */,
				CE27184B274AB61200CD2358 /* Frameworks */,
				CE27184C274AB61200CD2358 /* Resources */,
			);
			buildRules = (
			);
			dependencies = (
			);
			name = Share;
			productName = Article;
			productReference = CE27184E274AB61200CD2358 /* Share.app */;
			productType = "com.apple.product-type.application";
		};
		CE271863274AB61500CD2358 /* ShareTests */ = {
			isa = PBXNativeTarget;
			buildConfigurationList = CE27187B274AB61500CD2358 /* Build configuration list for PBXNativeTarget "ShareTests" */;
			buildPhases = (
				A7EAB552344D1D5AE84DA767 /* [CP] Check Pods Manifest.lock */,
				CE271860274AB61500CD2358 /* Sources */,
				CE271861274AB61500CD2358 /* Frameworks */,
				CE271862274AB61500CD2358 /* Resources */,
			);
			buildRules = (
			);
			dependencies = (
				CE271866274AB61500CD2358 /* PBXTargetDependency */,
			);
			name = ShareTests;
			productName = ArticleTests;
			productReference = CE271864274AB61500CD2358 /* ShareTests.xctest */;
			productType = "com.apple.product-type.bundle.unit-test";
		};
		CE27186E274AB61500CD2358 /* ShareUITests */ = {
			isa = PBXNativeTarget;
			buildConfigurationList = CE27187E274AB61500CD2358 /* Build configuration list for PBXNativeTarget "ShareUITests" */;
			buildPhases = (
				A3CE1BB71DE0C841DC00D545 /* [CP] Check Pods Manifest.lock */,
				CE27186B274AB61500CD2358 /* Sources */,
				CE27186C274AB61500CD2358 /* Frameworks */,
				CE27186D274AB61500CD2358 /* Resources */,
			);
			buildRules = (
			);
			dependencies = (
				CE271871274AB61500CD2358 /* PBXTargetDependency */,
			);
			name = ShareUITests;
			productName = ArticleUITests;
			productReference = CE27186F274AB61500CD2358 /* ShareUITests.xctest */;
			productType = "com.apple.product-type.bundle.ui-testing";
		};
/* End PBXNativeTarget section */

/* Begin PBXProject section */
		CE271846274AB61200CD2358 /* Project object */ = {
			isa = PBXProject;
			attributes = {
				LastSwiftUpdateCheck = 1250;
				LastUpgradeCheck = 1250;
				TargetAttributes = {
					CE27184D274AB61200CD2358 = {
						CreatedOnToolsVersion = 12.5;
					};
					CE271863274AB61500CD2358 = {
						CreatedOnToolsVersion = 12.5;
						TestTargetID = CE27184D274AB61200CD2358;
					};
					CE27186E274AB61500CD2358 = {
						CreatedOnToolsVersion = 12.5;
						TestTargetID = CE27184D274AB61200CD2358;
					};
				};
			};
			buildConfigurationList = CE271849274AB61200CD2358 /* Build configuration list for PBXProject "Share" */;
			compatibilityVersion = "Xcode 9.3";
			developmentRegion = en;
			hasScannedForEncodings = 0;
			knownRegions = (
				en,
				Base,
			);
			mainGroup = CE271845274AB61200CD2358;
			productRefGroup = CE27184F274AB61200CD2358 /* Products */;
			projectDirPath = "";
			projectRoot = "";
			targets = (
				CE27184D274AB61200CD2358 /* Share */,
				CE271863274AB61500CD2358 /* ShareTests */,
				CE27186E274AB61500CD2358 /* ShareUITests */,
			);
		};
/* End PBXProject section */

/* Begin PBXResourcesBuildPhase section */
		CE27184C274AB61200CD2358 /* Resources */ = {
			isa = PBXResourcesBuildPhase;
			buildActionMask = 2147483647;
			files = (
				CE27185E274AB61500CD2358 /* LaunchScreen.storyboard in Resources */,
				CE271887274D59A100CD2358 /* GoogleService-Info.plist in Resources */,
				CE27185B274AB61500CD2358 /* Assets.xcassets in Resources */,
				CE271859274AB61200CD2358 /* Main.storyboard in Resources */,
			);
			runOnlyForDeploymentPostprocessing = 0;
		};
		CE271862274AB61500CD2358 /* Resources */ = {
			isa = PBXResourcesBuildPhase;
			buildActionMask = 2147483647;
			files = (
			);
			runOnlyForDeploymentPostprocessing = 0;
		};
		CE27186D274AB61500CD2358 /* Resources */ = {
			isa = PBXResourcesBuildPhase;
			buildActionMask = 2147483647;
			files = (
			);
			runOnlyForDeploymentPostprocessing = 0;
		};
/* End PBXResourcesBuildPhase section */

/* Begin PBXShellScriptBuildPhase section */
		29FB7FC568DB3D78DC8BD676 /* [CP] Check Pods Manifest.lock */ = {
			isa = PBXShellScriptBuildPhase;
			buildActionMask = 2147483647;
			files = (
			);
			inputFileListPaths = (
			);
			inputPaths = (
				"${PODS_PODFILE_DIR_PATH}/Podfile.lock",
				"${PODS_ROOT}/Manifest.lock",
			);
			name = "[CP] Check Pods Manifest.lock";
			outputFileListPaths = (
			);
			outputPaths = (
				"$(DERIVED_FILE_DIR)/Pods-Share-checkManifestLockResult.txt",
			);
			runOnlyForDeploymentPostprocessing = 0;
			shellPath = /bin/sh;
			shellScript = "diff \"${PODS_PODFILE_DIR_PATH}/Podfile.lock\" \"${PODS_ROOT}/Manifest.lock\" > /dev/null\nif [ $? != 0 ] ; then\n    # print error to STDERR\n    echo \"error: The sandbox is not in sync with the Podfile.lock. Run 'pod install' or update your CocoaPods installation.\" >&2\n    exit 1\nfi\n# This output is used by Xcode 'outputs' to avoid re-running this script phase.\necho \"SUCCESS\" > \"${SCRIPT_OUTPUT_FILE_0}\"\n";
			showEnvVarsInLog = 0;
		};
		A3CE1BB71DE0C841DC00D545 /* [CP] Check Pods Manifest.lock */ = {
			isa = PBXShellScriptBuildPhase;
			buildActionMask = 2147483647;
			files = (
			);
			inputFileListPaths = (
			);
			inputPaths = (
				"${PODS_PODFILE_DIR_PATH}/Podfile.lock",
				"${PODS_ROOT}/Manifest.lock",
			);
			name = "[CP] Check Pods Manifest.lock";
			outputFileListPaths = (
			);
			outputPaths = (
				"$(DERIVED_FILE_DIR)/Pods-Share-ShareUITests-checkManifestLockResult.txt",
			);
			runOnlyForDeploymentPostprocessing = 0;
			shellPath = /bin/sh;
			shellScript = "diff \"${PODS_PODFILE_DIR_PATH}/Podfile.lock\" \"${PODS_ROOT}/Manifest.lock\" > /dev/null\nif [ $? != 0 ] ; then\n    # print error to STDERR\n    echo \"error: The sandbox is not in sync with the Podfile.lock. Run 'pod install' or update your CocoaPods installation.\" >&2\n    exit 1\nfi\n# This output is used by Xcode 'outputs' to avoid re-running this script phase.\necho \"SUCCESS\" > \"${SCRIPT_OUTPUT_FILE_0}\"\n";
			showEnvVarsInLog = 0;
		};
		A7EAB552344D1D5AE84DA767 /* [CP] Check Pods Manifest.lock */ = {
			isa = PBXShellScriptBuildPhase;
			buildActionMask = 2147483647;
			files = (
			);
			inputFileListPaths = (
			);
			inputPaths = (
				"${PODS_PODFILE_DIR_PATH}/Podfile.lock",
				"${PODS_ROOT}/Manifest.lock",
			);
			name = "[CP] Check Pods Manifest.lock";
			outputFileListPaths = (
			);
			outputPaths = (
				"$(DERIVED_FILE_DIR)/Pods-ShareTests-checkManifestLockResult.txt",
			);
			runOnlyForDeploymentPostprocessing = 0;
			shellPath = /bin/sh;
			shellScript = "diff \"${PODS_PODFILE_DIR_PATH}/Podfile.lock\" \"${PODS_ROOT}/Manifest.lock\" > /dev/null\nif [ $? != 0 ] ; then\n    # print error to STDERR\n    echo \"error: The sandbox is not in sync with the Podfile.lock. Run 'pod install' or update your CocoaPods installation.\" >&2\n    exit 1\nfi\n# This output is used by Xcode 'outputs' to avoid re-running this script phase.\necho \"SUCCESS\" > \"${SCRIPT_OUTPUT_FILE_0}\"\n";
			showEnvVarsInLog = 0;
		};
/* End PBXShellScriptBuildPhase section */

/* Begin PBXSourcesBuildPhase section */
		CE27184A274AB61200CD2358 /* Sources */ = {
			isa = PBXSourcesBuildPhase;
			buildActionMask = 2147483647;
			files = (
				CE271885274B943100CD2358 /* SecondViewController.swift in Sources */,
				CE271856274AB61200CD2358 /* ViewController.swift in Sources */,
				CE271852274AB61200CD2358 /* AppDelegate.swift in Sources */,
				CE271854274AB61200CD2358 /* SceneDelegate.swift in Sources */,
			);
			runOnlyForDeploymentPostprocessing = 0;
		};
		CE271860274AB61500CD2358 /* Sources */ = {
			isa = PBXSourcesBuildPhase;
			buildActionMask = 2147483647;
			files = (
				CE271869274AB61500CD2358 /* ShareTests.swift in Sources */,
			);
			runOnlyForDeploymentPostprocessing = 0;
		};
		CE27186B274AB61500CD2358 /* Sources */ = {
			isa = PBXSourcesBuildPhase;
			buildActionMask = 2147483647;
			files = (
				CE271874274AB61500CD2358 /* ShareUITests.swift in Sources */,
			);
			runOnlyForDeploymentPostprocessing = 0;
		};
/* End PBXSourcesBuildPhase section */

/* Begin PBXTargetDependency section */
		CE271866274AB61500CD2358 /* PBXTargetDependency */ = {
			isa = PBXTargetDependency;
			target = CE27184D274AB61200CD2358 /* Share */;
			targetProxy = CE271865274AB61500CD2358 /* PBXContainerItemProxy */;
		};
		CE271871274AB61500CD2358 /* PBXTargetDependency */ = {
			isa = PBXTargetDependency;
			target = CE27184D274AB61200CD2358 /* Share */;
			targetProxy = CE271870274AB61500CD2358 /* PBXContainerItemProxy */;
		};
/* End PBXTargetDependency section */

/* Begin PBXVariantGroup section */
		CE271857274AB61200CD2358 /* Main.storyboard */ = {
			isa = PBXVariantGroup;
			children = (
				CE271858274AB61200CD2358 /* Base */,
			);
			name = Main.storyboard;
			sourceTree = "<group>";
		};
		CE27185C274AB61500CD2358 /* LaunchScreen.storyboard */ = {
			isa = PBXVariantGroup;
			children = (
				CE27185D274AB61500CD2358 /* Base */,
			);
			name = LaunchScreen.storyboard;
			sourceTree = "<group>";
		};
/* End PBXVariantGroup section */

/* Begin XCBuildConfiguration section */
		CE271876274AB61500CD2358 /* Debug */ = {
			isa = XCBuildConfiguration;
			buildSettings = {
				ALWAYS_SEARCH_USER_PATHS = NO;
				CLANG_ANALYZER_NONNULL = YES;
				CLANG_ANALYZER_NUMBER_OBJECT_CONVERSION = YES_AGGRESSIVE;
				CLANG_CXX_LANGUAGE_STANDARD = "gnu++14";
				CLANG_CXX_LIBRARY = "libc++";
				CLANG_ENABLE_MODULES = YES;
				CLANG_ENABLE_OBJC_ARC = YES;
				CLANG_ENABLE_OBJC_WEAK = YES;
				CLANG_WARN_BLOCK_CAPTURE_AUTORELEASING = YES;
				CLANG_WARN_BOOL_CONVERSION = YES;
				CLANG_WARN_COMMA = YES;
				CLANG_WARN_CONSTANT_CONVERSION = YES;
				CLANG_WARN_DEPRECATED_OBJC_IMPLEMENTATIONS = YES;
				CLANG_WARN_DIRECT_OBJC_ISA_USAGE = YES_ERROR;
				CLANG_WARN_DOCUMENTATION_COMMENTS = YES;
				CLANG_WARN_EMPTY_BODY = YES;
				CLANG_WARN_ENUM_CONVERSION = YES;
				CLANG_WARN_INFINITE_RECURSION = YES;
				CLANG_WARN_INT_CONVERSION = YES;
				CLANG_WARN_NON_LITERAL_NULL_CONVERSION = YES;
				CLANG_WARN_OBJC_IMPLICIT_RETAIN_SELF = YES;
				CLANG_WARN_OBJC_LITERAL_CONVERSION = YES;
				CLANG_WARN_OBJC_ROOT_CLASS = YES_ERROR;
				CLANG_WARN_QUOTED_INCLUDE_IN_FRAMEWORK_HEADER = YES;
				CLANG_WARN_RANGE_LOOP_ANALYSIS = YES;
				CLANG_WARN_STRICT_PROTOTYPES = YES;
				CLANG_WARN_SUSPICIOUS_MOVE = YES;
				CLANG_WARN_UNGUARDED_AVAILABILITY = YES_AGGRESSIVE;
				CLANG_WARN_UNREACHABLE_CODE = YES;
				CLANG_WARN__DUPLICATE_METHOD_MATCH = YES;
				COPY_PHASE_STRIP = NO;
				DEBUG_INFORMATION_FORMAT = dwarf;
				ENABLE_STRICT_OBJC_MSGSEND = YES;
				ENABLE_TESTABILITY = YES;
				GCC_C_LANGUAGE_STANDARD = gnu11;
				GCC_DYNAMIC_NO_PIC = NO;
				GCC_NO_COMMON_BLOCKS = YES;
				GCC_OPTIMIZATION_LEVEL = 0;
				GCC_PREPROCESSOR_DEFINITIONS = (
					"DEBUG=1",
					"$(inherited)",
				);
				GCC_WARN_64_TO_32_BIT_CONVERSION = YES;
				GCC_WARN_ABOUT_RETURN_TYPE = YES_ERROR;
				GCC_WARN_UNDECLARED_SELECTOR = YES;
				GCC_WARN_UNINITIALIZED_AUTOS = YES_AGGRESSIVE;
				GCC_WARN_UNUSED_FUNCTION = YES;
				GCC_WARN_UNUSED_VARIABLE = YES;
				IPHONEOS_DEPLOYMENT_TARGET = 14.5;
				MTL_ENABLE_DEBUG_INFO = INCLUDE_SOURCE;
				MTL_FAST_MATH = YES;
				ONLY_ACTIVE_ARCH = YES;
				SDKROOT = iphoneos;
				SWIFT_ACTIVE_COMPILATION_CONDITIONS = DEBUG;
				SWIFT_OPTIMIZATION_LEVEL = "-Onone";
			};
			name = Debug;
		};
		CE271877274AB61500CD2358 /* Release */ = {
			isa = XCBuildConfiguration;
			buildSettings = {
				ALWAYS_SEARCH_USER_PATHS = NO;
				CLANG_ANALYZER_NONNULL = YES;
				CLANG_ANALYZER_NUMBER_OBJECT_CONVERSION = YES_AGGRESSIVE;
				CLANG_CXX_LANGUAGE_STANDARD = "gnu++14";
				CLANG_CXX_LIBRARY = "libc++";
				CLANG_ENABLE_MODULES = YES;
				CLANG_ENABLE_OBJC_ARC = YES;
				CLANG_ENABLE_OBJC_WEAK = YES;
				CLANG_WARN_BLOCK_CAPTURE_AUTORELEASING = YES;
				CLANG_WARN_BOOL_CONVERSION = YES;
				CLANG_WARN_COMMA = YES;
				CLANG_WARN_CONSTANT_CONVERSION = YES;
				CLANG_WARN_DEPRECATED_OBJC_IMPLEMENTATIONS = YES;
				CLANG_WARN_DIRECT_OBJC_ISA_USAGE = YES_ERROR;
				CLANG_WARN_DOCUMENTATION_COMMENTS = YES;
				CLANG_WARN_EMPTY_BODY = YES;
				CLANG_WARN_ENUM_CONVERSION = YES;
				CLANG_WARN_INFINITE_RECURSION = YES;
				CLANG_WARN_INT_CONVERSION = YES;
				CLANG_WARN_NON_LITERAL_NULL_CONVERSION = YES;
				CLANG_WARN_OBJC_IMPLICIT_RETAIN_SELF = YES;
				CLANG_WARN_OBJC_LITERAL_CONVERSION = YES;
				CLANG_WARN_OBJC_ROOT_CLASS = YES_ERROR;
				CLANG_WARN_QUOTED_INCLUDE_IN_FRAMEWORK_HEADER = YES;
				CLANG_WARN_RANGE_LOOP_ANALYSIS = YES;
				CLANG_WARN_STRICT_PROTOTYPES = YES;
				CLANG_WARN_SUSPICIOUS_MOVE = YES;
				CLANG_WARN_UNGUARDED_AVAILABILITY = YES_AGGRESSIVE;
				CLANG_WARN_UNREACHABLE_CODE = YES;
				CLANG_WARN__DUPLICATE_METHOD_MATCH = YES;
				COPY_PHASE_STRIP = NO;
				DEBUG_INFORMATION_FORMAT = "dwarf-with-dsym";
				ENABLE_NS_ASSERTIONS = NO;
				ENABLE_STRICT_OBJC_MSGSEND = YES;
				GCC_C_LANGUAGE_STANDARD = gnu11;
				GCC_NO_COMMON_BLOCKS = YES;
				GCC_WARN_64_TO_32_BIT_CONVERSION = YES;
				GCC_WARN_ABOUT_RETURN_TYPE = YES_ERROR;
				GCC_WARN_UNDECLARED_SELECTOR = YES;
				GCC_WARN_UNINITIALIZED_AUTOS = YES_AGGRESSIVE;
				GCC_WARN_UNUSED_FUNCTION = YES;
				GCC_WARN_UNUSED_VARIABLE = YES;
				IPHONEOS_DEPLOYMENT_TARGET = 14.5;
				MTL_ENABLE_DEBUG_INFO = NO;
				MTL_FAST_MATH = YES;
				SDKROOT = iphoneos;
				SWIFT_COMPILATION_MODE = wholemodule;
				SWIFT_OPTIMIZATION_LEVEL = "-O";
				VALIDATE_PRODUCT = YES;
			};
			name = Release;
		};
		CE271879274AB61500CD2358 /* Debug */ = {
			isa = XCBuildConfiguration;
			baseConfigurationReference = 25472C01B141BDE0DA7DCC85 /* Pods-Share.debug.xcconfig */;
			buildSettings = {
				ASSETCATALOG_COMPILER_APPICON_NAME = AppIcon;
				ASSETCATALOG_COMPILER_GLOBAL_ACCENT_COLOR_NAME = AccentColor;
				CODE_SIGN_ENTITLEMENTS = Share/ShareDebug.entitlements;
				CODE_SIGN_IDENTITY = "iPhone Developer: taichiro fukuda (P557FT4HZZ)";
				CODE_SIGN_STYLE = Manual;
				DEVELOPMENT_TEAM = X6NHLT8T59;
				INFOPLIST_FILE = Article/Info.plist;
				LD_RUNPATH_SEARCH_PATHS = (
					"$(inherited)",
					"@executable_path/Frameworks",
				);
				PRODUCT_BUNDLE_IDENTIFIER = com.taichiApp.Share;
				PRODUCT_NAME = "$(TARGET_NAME)";
				PROVISIONING_PROFILE_SPECIFIER = Share;
				SWIFT_VERSION = 5.0;
				TARGETED_DEVICE_FAMILY = "1,2";
			};
			name = Debug;
		};
		CE27187A274AB61500CD2358 /* Release */ = {
			isa = XCBuildConfiguration;
			baseConfigurationReference = FB8DB24A3581C8ED8B052F5B /* Pods-Share.release.xcconfig */;
			buildSettings = {
				ASSETCATALOG_COMPILER_APPICON_NAME = AppIcon;
				ASSETCATALOG_COMPILER_GLOBAL_ACCENT_COLOR_NAME = AccentColor;
				CODE_SIGN_STYLE = Automatic;
				DEVELOPMENT_TEAM = X6NHLT8T59;
				INFOPLIST_FILE = Article/Info.plist;
				LD_RUNPATH_SEARCH_PATHS = (
					"$(inherited)",
					"@executable_path/Frameworks",
				);
				PRODUCT_BUNDLE_IDENTIFIER = com.taichiApp.Article;
				PRODUCT_NAME = "$(TARGET_NAME)";
				SWIFT_VERSION = 5.0;
				TARGETED_DEVICE_FAMILY = "1,2";
			};
			name = Release;
		};
		CE27187C274AB61500CD2358 /* Debug */ = {
			isa = XCBuildConfiguration;
			baseConfigurationReference = 8E2C803E5C85E8241D965247 /* Pods-ShareTests.debug.xcconfig */;
			buildSettings = {
				ALWAYS_EMBED_SWIFT_STANDARD_LIBRARIES = YES;
				BUNDLE_LOADER = "$(TEST_HOST)";
				CODE_SIGN_STYLE = Automatic;
				DEVELOPMENT_TEAM = X6NHLT8T59;
				INFOPLIST_FILE = ArticleTests/Info.plist;
				IPHONEOS_DEPLOYMENT_TARGET = 14.5;
				LD_RUNPATH_SEARCH_PATHS = (
					"$(inherited)",
					"@executable_path/Frameworks",
					"@loader_path/Frameworks",
				);
				PRODUCT_BUNDLE_IDENTIFIER = com.taichiApp.ArticleTests;
				PRODUCT_NAME = "$(TARGET_NAME)";
				SWIFT_VERSION = 5.0;
				TARGETED_DEVICE_FAMILY = "1,2";
				TEST_HOST = "$(BUILT_PRODUCTS_DIR)/Share.app/Share";
			};
			name = Debug;
		};
		CE27187D274AB61500CD2358 /* Release */ = {
			isa = XCBuildConfiguration;
			baseConfigurationReference = AA494F467FFA6CBC6437235A /* Pods-ShareTests.release.xcconfig */;
			buildSettings = {
				ALWAYS_EMBED_SWIFT_STANDARD_LIBRARIES = YES;
				BUNDLE_LOADER = "$(TEST_HOST)";
				CODE_SIGN_STYLE = Automatic;
				DEVELOPMENT_TEAM = X6NHLT8T59;
				INFOPLIST_FILE = ArticleTests/Info.plist;
				IPHONEOS_DEPLOYMENT_TARGET = 14.5;
				LD_RUNPATH_SEARCH_PATHS = (
					"$(inherited)",
					"@executable_path/Frameworks",
					"@loader_path/Frameworks",
				);
				PRODUCT_BUNDLE_IDENTIFIER = com.taichiApp.ArticleTests;
				PRODUCT_NAME = "$(TARGET_NAME)";
				SWIFT_VERSION = 5.0;
				TARGETED_DEVICE_FAMILY = "1,2";
				TEST_HOST = "$(BUILT_PRODUCTS_DIR)/Share.app/Share";
			};
			name = Release;
		};
		CE27187F274AB61500CD2358 /* Debug */ = {
			isa = XCBuildConfiguration;
			baseConfigurationReference = 9A6E9D38C1BF99A9684379BD /* Pods-Share-ShareUITests.debug.xcconfig */;
			buildSettings = {
				ALWAYS_EMBED_SWIFT_STANDARD_LIBRARIES = YES;
				CODE_SIGN_STYLE = Automatic;
				DEVELOPMENT_TEAM = X6NHLT8T59;
				INFOPLIST_FILE = ArticleUITests/Info.plist;
				LD_RUNPATH_SEARCH_PATHS = (
					"$(inherited)",
					"@executable_path/Frameworks",
					"@loader_path/Frameworks",
				);
				PRODUCT_BUNDLE_IDENTIFIER = com.taichiApp.ArticleUITests;
				PRODUCT_NAME = "$(TARGET_NAME)";
				SWIFT_VERSION = 5.0;
				TARGETED_DEVICE_FAMILY = "1,2";
				TEST_TARGET_NAME = Article;
			};
			name = Debug;
		};
		CE271880274AB61500CD2358 /* Release */ = {
			isa = XCBuildConfiguration;
			baseConfigurationReference = F215CF18732710759D65A407 /* Pods-Share-ShareUITests.release.xcconfig */;
			buildSettings = {
				ALWAYS_EMBED_SWIFT_STANDARD_LIBRARIES = YES;
				CODE_SIGN_STYLE = Automatic;
				DEVELOPMENT_TEAM = X6NHLT8T59;
				INFOPLIST_FILE = ArticleUITests/Info.plist;
				LD_RUNPATH_SEARCH_PATHS = (
					"$(inherited)",
					"@executable_path/Frameworks",
					"@loader_path/Frameworks",
				);
				PRODUCT_BUNDLE_IDENTIFIER = com.taichiApp.ArticleUITests;
				PRODUCT_NAME = "$(TARGET_NAME)";
				SWIFT_VERSION = 5.0;
				TARGETED_DEVICE_FAMILY = "1,2";
				TEST_TARGET_NAME = Article;
			};
			name = Release;
		};
/* End XCBuildConfiguration section */

/* Begin XCConfigurationList section */
		CE271849274AB61200CD2358 /* Build configuration list for PBXProject "Share" */ = {
			isa = XCConfigurationList;
			buildConfigurations = (
				CE271876274AB61500CD2358 /* Debug */,
				CE271877274AB61500CD2358 /* Release */,
			);
			defaultConfigurationIsVisible = 0;
			defaultConfigurationName = Release;
		};
		CE271878274AB61500CD2358 /* Build configuration list for PBXNativeTarget "Share" */ = {
			isa = XCConfigurationList;
			buildConfigurations = (
				CE271879274AB61500CD2358 /* Debug */,
				CE27187A274AB61500CD2358 /* Release */,
			);
			defaultConfigurationIsVisible = 0;
			defaultConfigurationName = Release;
		};
		CE27187B274AB61500CD2358 /* Build configuration list for PBXNativeTarget "ShareTests" */ = {
			isa = XCConfigurationList;
			buildConfigurations = (
				CE27187C274AB61500CD2358 /* Debug */,
				CE27187D274AB61500CD2358 /* Release */,
			);
			defaultConfigurationIsVisible = 0;
			defaultConfigurationName = Release;
		};
		CE27187E274AB61500CD2358 /* Build configuration list for PBXNativeTarget "ShareUITests" */ = {
			isa = XCConfigurationList;
			buildConfigurations = (
				CE27187F274AB61500CD2358 /* Debug */,
				CE271880274AB61500CD2358 /* Release */,
			);
			defaultConfigurationIsVisible = 0;
			defaultConfigurationName = Release;
		};
/* End XCConfigurationList section */
	};
	rootObject = CE271846274AB61200CD2358 /* Project object */;
}
